github.com/diamondburned/gotk4/pkg v0.0.0-20220914035633-4e35b1a80848 h1:B4XG/rXxhcTgQbhL2WPdSJAGvqTnsuzCu2A3CmAaJlg=
github.com/diamondburned/gotk4/pkg v0.0.0-20220914035633-4e35b1a80848/go.mod h1:pjOFSZWuNWiBwEqt+4/zfPr1JsNWY43h4B81ht3S3Ag=
go4.org/unsafe/assume-no-moving-gc v0.0.0-20220617031537-928513b29760 h1:FyBZqvoA/jbNzuAWLQE2kG820zMAkcilx6BMjGbL/E4=
go4.org/unsafe/assume-no-moving-gc v0.0.0-20220617031537-928513b29760/go.mod h1:FftLjUGFEDu5k8lt0ddY+HcrH/qU/0qk+H8j9/nTl3E=
golang.org/x/sync v0.0.0-20220907140024-f12130a52804 h1:0SH2R3f1b1VmIMG7BXbEZCBUu2dKmHschSmjqGUrW8A=
golang.org/x/sync v0.0.0-20220907140024-f12130a52804/go.mod h1:RxMgew5VJxzue5/jJTE5uejpjVlOe/izrB70Jof72aM=
